// !$*UTF8*$!
{
	archiveVersion = 1;
	classes = {
	};
	objectVersion = 56;
	objects = {

/* Begin PBXBuildFile section */
		78D88118293CC2870046C8E1 /* Rugby_Coder_SwiftApp.swift in Sources */ = {isa = PBXBuildFile; fileRef = 78D88117293CC2870046C8E1 /* Rugby_Coder_SwiftApp.swift */; };
		78D8811A293CC2870046C8E1 /* ContentView.swift in Sources */ = {isa = PBXBuildFile; fileRef = 78D88119293CC2870046C8E1 /* ContentView.swift */; };
		78D8811C293CC2880046C8E1 /* Assets.xcassets in Resources */ = {isa = PBXBuildFile; fileRef = 78D8811B293CC2880046C8E1 /* Assets.xcassets */; };
		78D8811F293CC2880046C8E1 /* Preview Assets.xcassets in Resources */ = {isa = PBXBuildFile; fileRef = 78D8811E293CC2880046C8E1 /* Preview Assets.xcassets */; };
		78D8812A293CC2880046C8E1 /* Rugby_Coder_SwiftTests.swift in Sources */ = {isa = PBXBuildFile; fileRef = 78D88129293CC2880046C8E1 /* Rugby_Coder_SwiftTests.swift */; };
		78D88134293CC2880046C8E1 /* Rugby_Coder_SwiftUITests.swift in Sources */ = {isa = PBXBuildFile; fileRef = 78D88133293CC2880046C8E1 /* Rugby_Coder_SwiftUITests.swift */; };
		78D88136293CC2880046C8E1 /* Rugby_Coder_SwiftUITestsLaunchTests.swift in Sources */ = {isa = PBXBuildFile; fileRef = 78D88135293CC2880046C8E1 /* Rugby_Coder_SwiftUITestsLaunchTests.swift */; };
		78D88144293CC2AB0046C8E1 /* VideoView.swift in Sources */ = {isa = PBXBuildFile; fileRef = 78D88143293CC2AB0046C8E1 /* VideoView.swift */; };
		78D88146293CC3A30046C8E1 /* Sample.mp4 in Resources */ = {isa = PBXBuildFile; fileRef = 78D88145293CC3A30046C8E1 /* Sample.mp4 */; };
		78D88149293CC4990046C8E1 /* .gitignore in Resources */ = {isa = PBXBuildFile; fileRef = 78D88148293CC4990046C8E1 /* .gitignore */; };
		78D8814A293F77060046C8E1 /* Rugby_Coder_SwiftApp.swift in Sources */ = {isa = PBXBuildFile; fileRef = 78D88117293CC2870046C8E1 /* Rugby_Coder_SwiftApp.swift */; };
		78D8814B293F77060046C8E1 /* Rugby_Coder_SwiftApp.swift in Sources */ = {isa = PBXBuildFile; fileRef = 78D88117293CC2870046C8E1 /* Rugby_Coder_SwiftApp.swift */; };
		78D8814D293F7D930046C8E1 /* CodeWindowView.swift in Sources */ = {isa = PBXBuildFile; fileRef = 78D8814C293F7D930046C8E1 /* CodeWindowView.swift */; };
		78D8814E293F7D930046C8E1 /* CodeWindowView.swift in Sources */ = {isa = PBXBuildFile; fileRef = 78D8814C293F7D930046C8E1 /* CodeWindowView.swift */; };
		78D8814F293F7D930046C8E1 /* CodeWindowView.swift in Sources */ = {isa = PBXBuildFile; fileRef = 78D8814C293F7D930046C8E1 /* CodeWindowView.swift */; };
		78D88152293F80ED0046C8E1 /* CodeWindowLogic.swift in Sources */ = {isa = PBXBuildFile; fileRef = 78D88151293F80ED0046C8E1 /* CodeWindowLogic.swift */; };
		78D88153293F80ED0046C8E1 /* CodeWindowLogic.swift in Sources */ = {isa = PBXBuildFile; fileRef = 78D88151293F80ED0046C8E1 /* CodeWindowLogic.swift */; };
		78D88154293F80ED0046C8E1 /* CodeWindowLogic.swift in Sources */ = {isa = PBXBuildFile; fileRef = 78D88151293F80ED0046C8E1 /* CodeWindowLogic.swift */; };
		78D8815C293F82370046C8E1 /* TimelineData.swift in Sources */ = {isa = PBXBuildFile; fileRef = 78D8815B293F82370046C8E1 /* TimelineData.swift */; };
		78D8815D293F82370046C8E1 /* TimelineData.swift in Sources */ = {isa = PBXBuildFile; fileRef = 78D8815B293F82370046C8E1 /* TimelineData.swift */; };
		78D8815E293F82370046C8E1 /* TimelineData.swift in Sources */ = {isa = PBXBuildFile; fileRef = 78D8815B293F82370046C8E1 /* TimelineData.swift */; };
		78D8816029474EA70046C8E1 /* MenuBar.swift in Sources */ = {isa = PBXBuildFile; fileRef = 78D8815F29474EA70046C8E1 /* MenuBar.swift */; };
		78D8816229474F220046C8E1 /* TimeLine.swift in Sources */ = {isa = PBXBuildFile; fileRef = 78D8816129474F220046C8E1 /* TimeLine.swift */; };
/* End PBXBuildFile section */

/* Begin PBXContainerItemProxy section */
		78D88126293CC2880046C8E1 /* PBXContainerItemProxy */ = {
			isa = PBXContainerItemProxy;
			containerPortal = 78D8810C293CC2870046C8E1 /* Project object */;
			proxyType = 1;
			remoteGlobalIDString = 78D88113293CC2870046C8E1;
			remoteInfo = Rugby_Coder_Swift;
		};
		78D88130293CC2880046C8E1 /* PBXContainerItemProxy */ = {
			isa = PBXContainerItemProxy;
			containerPortal = 78D8810C293CC2870046C8E1 /* Project object */;
			proxyType = 1;
			remoteGlobalIDString = 78D88113293CC2870046C8E1;
			remoteInfo = Rugby_Coder_Swift;
		};
/* End PBXContainerItemProxy section */

/* Begin PBXFileReference section */
		78D88114293CC2870046C8E1 /* Rugby_Coder_Swift.app */ = {isa = PBXFileReference; explicitFileType = wrapper.application; includeInIndex = 0; path = Rugby_Coder_Swift.app; sourceTree = BUILT_PRODUCTS_DIR; };
		78D88117293CC2870046C8E1 /* Rugby_Coder_SwiftApp.swift */ = {isa = PBXFileReference; lastKnownFileType = sourcecode.swift; path = Rugby_Coder_SwiftApp.swift; sourceTree = "<group>"; };
		78D88119293CC2870046C8E1 /* ContentView.swift */ = {isa = PBXFileReference; lastKnownFileType = sourcecode.swift; path = ContentView.swift; sourceTree = "<group>"; };
		78D8811B293CC2880046C8E1 /* Assets.xcassets */ = {isa = PBXFileReference; lastKnownFileType = folder.assetcatalog; path = Assets.xcassets; sourceTree = "<group>"; };
		78D8811E293CC2880046C8E1 /* Preview Assets.xcassets */ = {isa = PBXFileReference; lastKnownFileType = folder.assetcatalog; path = "Preview Assets.xcassets"; sourceTree = "<group>"; };
		78D88120293CC2880046C8E1 /* Rugby_Coder_Swift.entitlements */ = {isa = PBXFileReference; lastKnownFileType = text.plist.entitlements; path = Rugby_Coder_Swift.entitlements; sourceTree = "<group>"; };
		78D88125293CC2880046C8E1 /* Rugby_Coder_SwiftTests.xctest */ = {isa = PBXFileReference; explicitFileType = wrapper.cfbundle; includeInIndex = 0; path = Rugby_Coder_SwiftTests.xctest; sourceTree = BUILT_PRODUCTS_DIR; };
		78D88129293CC2880046C8E1 /* Rugby_Coder_SwiftTests.swift */ = {isa = PBXFileReference; lastKnownFileType = sourcecode.swift; path = Rugby_Coder_SwiftTests.swift; sourceTree = "<group>"; };
		78D8812F293CC2880046C8E1 /* Rugby_Coder_SwiftUITests.xctest */ = {isa = PBXFileReference; explicitFileType = wrapper.cfbundle; includeInIndex = 0; path = Rugby_Coder_SwiftUITests.xctest; sourceTree = BUILT_PRODUCTS_DIR; };
		78D88133293CC2880046C8E1 /* Rugby_Coder_SwiftUITests.swift */ = {isa = PBXFileReference; lastKnownFileType = sourcecode.swift; path = Rugby_Coder_SwiftUITests.swift; sourceTree = "<group>"; };
		78D88135293CC2880046C8E1 /* Rugby_Coder_SwiftUITestsLaunchTests.swift */ = {isa = PBXFileReference; lastKnownFileType = sourcecode.swift; path = Rugby_Coder_SwiftUITestsLaunchTests.swift; sourceTree = "<group>"; };
		78D88143293CC2AB0046C8E1 /* VideoView.swift */ = {isa = PBXFileReference; lastKnownFileType = sourcecode.swift; path = VideoView.swift; sourceTree = "<group>"; };
		78D88145293CC3A30046C8E1 /* Sample.mp4 */ = {isa = PBXFileReference; lastKnownFileType = file; name = Sample.mp4; path = ../../../../Downloads/Sample.mp4; sourceTree = "<group>"; };
		78D88147293CC4100046C8E1 /* README.md */ = {isa = PBXFileReference; lastKnownFileType = net.daringfireball.markdown; path = README.md; sourceTree = "<group>"; };
		78D88148293CC4990046C8E1 /* .gitignore */ = {isa = PBXFileReference; lastKnownFileType = text; path = .gitignore; sourceTree = "<group>"; };
		78D8814C293F7D930046C8E1 /* CodeWindowView.swift */ = {isa = PBXFileReference; lastKnownFileType = sourcecode.swift; path = CodeWindowView.swift; sourceTree = "<group>"; };
		78D88151293F80ED0046C8E1 /* CodeWindowLogic.swift */ = {isa = PBXFileReference; lastKnownFileType = sourcecode.swift; path = CodeWindowLogic.swift; sourceTree = "<group>"; };
		78D8815B293F82370046C8E1 /* TimelineData.swift */ = {isa = PBXFileReference; lastKnownFileType = sourcecode.swift; path = TimelineData.swift; sourceTree = "<group>"; };
		78D8815F29474EA70046C8E1 /* MenuBar.swift */ = {isa = PBXFileReference; lastKnownFileType = sourcecode.swift; path = MenuBar.swift; sourceTree = "<group>"; };
		78D8816129474F220046C8E1 /* TimeLine.swift */ = {isa = PBXFileReference; lastKnownFileType = sourcecode.swift; path = TimeLine.swift; sourceTree = "<group>"; };
/* End PBXFileReference section */

/* Begin PBXFrameworksBuildPhase section */
		78D88111293CC2870046C8E1 /* Frameworks */ = {
			isa = PBXFrameworksBuildPhase;
			buildActionMask = 2147483647;
			files = (
			);
			runOnlyForDeploymentPostprocessing = 0;
		};
		78D88122293CC2880046C8E1 /* Frameworks */ = {
			isa = PBXFrameworksBuildPhase;
			buildActionMask = 2147483647;
			files = (
			);
			runOnlyForDeploymentPostprocessing = 0;
		};
		78D8812C293CC2880046C8E1 /* Frameworks */ = {
			isa = PBXFrameworksBuildPhase;
			buildActionMask = 2147483647;
			files = (
			);
			runOnlyForDeploymentPostprocessing = 0;
		};
/* End PBXFrameworksBuildPhase section */

/* Begin PBXGroup section */
		78D8810B293CC2870046C8E1 = {
			isa = PBXGroup;
			children = (
				78D88147293CC4100046C8E1 /* README.md */,
				78D88148293CC4990046C8E1 /* .gitignore */,
				78D88116293CC2870046C8E1 /* Rugby_Coder_Swift */,
				78D88128293CC2880046C8E1 /* Rugby_Coder_SwiftTests */,
				78D88132293CC2880046C8E1 /* Rugby_Coder_SwiftUITests */,
				78D88115293CC2870046C8E1 /* Products */,
			);
			sourceTree = "<group>";
		};
		78D88115293CC2870046C8E1 /* Products */ = {
			isa = PBXGroup;
			children = (
				78D88114293CC2870046C8E1 /* Rugby_Coder_Swift.app */,
				78D88125293CC2880046C8E1 /* Rugby_Coder_SwiftTests.xctest */,
				78D8812F293CC2880046C8E1 /* Rugby_Coder_SwiftUITests.xctest */,
			);
			name = Products;
			sourceTree = "<group>";
		};
		78D88116293CC2870046C8E1 /* Rugby_Coder_Swift */ = {
			isa = PBXGroup;
			children = (
				78D88155293F81FB0046C8E1 /* DataObject */,
				78D88150293F80D80046C8E1 /* Logic */,
				78D88142293CC2970046C8E1 /* View */,
				78D88117293CC2870046C8E1 /* Rugby_Coder_SwiftApp.swift */,
				78D88119293CC2870046C8E1 /* ContentView.swift */,
				78D8811B293CC2880046C8E1 /* Assets.xcassets */,
				78D88145293CC3A30046C8E1 /* Sample.mp4 */,
				78D88120293CC2880046C8E1 /* Rugby_Coder_Swift.entitlements */,
				78D8811D293CC2880046C8E1 /* Preview Content */,
			);
			path = Rugby_Coder_Swift;
			sourceTree = "<group>";
		};
		78D8811D293CC2880046C8E1 /* Preview Content */ = {
			isa = PBXGroup;
			children = (
				78D8811E293CC2880046C8E1 /* Preview Assets.xcassets */,
			);
			path = "Preview Content";
			sourceTree = "<group>";
		};
		78D88128293CC2880046C8E1 /* Rugby_Coder_SwiftTests */ = {
			isa = PBXGroup;
			children = (
				78D88129293CC2880046C8E1 /* Rugby_Coder_SwiftTests.swift */,
			);
			path = Rugby_Coder_SwiftTests;
			sourceTree = "<group>";
		};
		78D88132293CC2880046C8E1 /* Rugby_Coder_SwiftUITests */ = {
			isa = PBXGroup;
			children = (
				78D88133293CC2880046C8E1 /* Rugby_Coder_SwiftUITests.swift */,
				78D88135293CC2880046C8E1 /* Rugby_Coder_SwiftUITestsLaunchTests.swift */,
			);
			path = Rugby_Coder_SwiftUITests;
			sourceTree = "<group>";
		};
		78D88142293CC2970046C8E1 /* View */ = {
			isa = PBXGroup;
			children = (
				78D88143293CC2AB0046C8E1 /* VideoView.swift */,
				78D8814C293F7D930046C8E1 /* CodeWindowView.swift */,
				78D8815F29474EA70046C8E1 /* MenuBar.swift */,
				78D8816129474F220046C8E1 /* TimeLine.swift */,
			);
			path = View;
			sourceTree = "<group>";
		};
		78D88150293F80D80046C8E1 /* Logic */ = {
			isa = PBXGroup;
			children = (
				78D88151293F80ED0046C8E1 /* CodeWindowLogic.swift */,
			);
			path = Logic;
			sourceTree = "<group>";
		};
		78D88155293F81FB0046C8E1 /* DataObject */ = {
			isa = PBXGroup;
			children = (
				78D8815B293F82370046C8E1 /* TimelineData.swift */,
			);
			path = DataObject;
			sourceTree = "<group>";
		};
/* End PBXGroup section */

/* Begin PBXNativeTarget section */
		78D88113293CC2870046C8E1 /* Rugby_Coder_Swift */ = {
			isa = PBXNativeTarget;
			buildConfigurationList = 78D88139293CC2880046C8E1 /* Build configuration list for PBXNativeTarget "Rugby_Coder_Swift" */;
			buildPhases = (
				78D88110293CC2870046C8E1 /* Sources */,
				78D88111293CC2870046C8E1 /* Frameworks */,
				78D88112293CC2870046C8E1 /* Resources */,
			);
			buildRules = (
			);
			dependencies = (
			);
			name = Rugby_Coder_Swift;
			productName = Rugby_Coder_Swift;
			productReference = 78D88114293CC2870046C8E1 /* Rugby_Coder_Swift.app */;
			productType = "com.apple.product-type.application";
		};
		78D88124293CC2880046C8E1 /* Rugby_Coder_SwiftTests */ = {
			isa = PBXNativeTarget;
			buildConfigurationList = 78D8813C293CC2880046C8E1 /* Build configuration list for PBXNativeTarget "Rugby_Coder_SwiftTests" */;
			buildPhases = (
				78D88121293CC2880046C8E1 /* Sources */,
				78D88122293CC2880046C8E1 /* Frameworks */,
				78D88123293CC2880046C8E1 /* Resources */,
			);
			buildRules = (
			);
			dependencies = (
				78D88127293CC2880046C8E1 /* PBXTargetDependency */,
			);
			name = Rugby_Coder_SwiftTests;
			productName = Rugby_Coder_SwiftTests;
			productReference = 78D88125293CC2880046C8E1 /* Rugby_Coder_SwiftTests.xctest */;
			productType = "com.apple.product-type.bundle.unit-test";
		};
		78D8812E293CC2880046C8E1 /* Rugby_Coder_SwiftUITests */ = {
			isa = PBXNativeTarget;
			buildConfigurationList = 78D8813F293CC2880046C8E1 /* Build configuration list for PBXNativeTarget "Rugby_Coder_SwiftUITests" */;
			buildPhases = (
				78D8812B293CC2880046C8E1 /* Sources */,
				78D8812C293CC2880046C8E1 /* Frameworks */,
				78D8812D293CC2880046C8E1 /* Resources */,
			);
			buildRules = (
			);
			dependencies = (
				78D88131293CC2880046C8E1 /* PBXTargetDependency */,
			);
			name = Rugby_Coder_SwiftUITests;
			productName = Rugby_Coder_SwiftUITests;
			productReference = 78D8812F293CC2880046C8E1 /* Rugby_Coder_SwiftUITests.xctest */;
			productType = "com.apple.product-type.bundle.ui-testing";
		};
/* End PBXNativeTarget section */

/* Begin PBXProject section */
		78D8810C293CC2870046C8E1 /* Project object */ = {
			isa = PBXProject;
			attributes = {
				BuildIndependentTargetsInParallel = 1;
				LastSwiftUpdateCheck = 1410;
				LastUpgradeCheck = 1410;
				TargetAttributes = {
					78D88113293CC2870046C8E1 = {
						CreatedOnToolsVersion = 14.1;
					};
					78D88124293CC2880046C8E1 = {
						CreatedOnToolsVersion = 14.1;
						TestTargetID = 78D88113293CC2870046C8E1;
					};
					78D8812E293CC2880046C8E1 = {
						CreatedOnToolsVersion = 14.1;
						TestTargetID = 78D88113293CC2870046C8E1;
					};
				};
			};
			buildConfigurationList = 78D8810F293CC2870046C8E1 /* Build configuration list for PBXProject "Rugby_Coder_Swift" */;
			compatibilityVersion = "Xcode 14.0";
			developmentRegion = en;
			hasScannedForEncodings = 0;
			knownRegions = (
				en,
				Base,
			);
			mainGroup = 78D8810B293CC2870046C8E1;
			productRefGroup = 78D88115293CC2870046C8E1 /* Products */;
			projectDirPath = "";
			projectRoot = "";
			targets = (
				78D88113293CC2870046C8E1 /* Rugby_Coder_Swift */,
				78D88124293CC2880046C8E1 /* Rugby_Coder_SwiftTests */,
				78D8812E293CC2880046C8E1 /* Rugby_Coder_SwiftUITests */,
			);
		};
/* End PBXProject section */

/* Begin PBXResourcesBuildPhase section */
		78D88112293CC2870046C8E1 /* Resources */ = {
			isa = PBXResourcesBuildPhase;
			buildActionMask = 2147483647;
			files = (
				78D88149293CC4990046C8E1 /* .gitignore in Resources */,
				78D8811F293CC2880046C8E1 /* Preview Assets.xcassets in Resources */,
				78D8811C293CC2880046C8E1 /* Assets.xcassets in Resources */,
				78D88146293CC3A30046C8E1 /* Sample.mp4 in Resources */,
			);
			runOnlyForDeploymentPostprocessing = 0;
		};
		78D88123293CC2880046C8E1 /* Resources */ = {
			isa = PBXResourcesBuildPhase;
			buildActionMask = 2147483647;
			files = (
			);
			runOnlyForDeploymentPostprocessing = 0;
		};
		78D8812D293CC2880046C8E1 /* Resources */ = {
			isa = PBXResourcesBuildPhase;
			buildActionMask = 2147483647;
			files = (
			);
			runOnlyForDeploymentPostprocessing = 0;
		};
/* End PBXResourcesBuildPhase section */

/* Begin PBXSourcesBuildPhase section */
		78D88110293CC2870046C8E1 /* Sources */ = {
			isa = PBXSourcesBuildPhase;
			buildActionMask = 2147483647;
			files = (
				78D8816229474F220046C8E1 /* TimeLine.swift in Sources */,
				78D8815C293F82370046C8E1 /* TimelineData.swift in Sources */,
				78D88144293CC2AB0046C8E1 /* VideoView.swift in Sources */,
				78D8814D293F7D930046C8E1 /* CodeWindowView.swift in Sources */,
				78D8811A293CC2870046C8E1 /* ContentView.swift in Sources */,
				78D88118293CC2870046C8E1 /* Rugby_Coder_SwiftApp.swift in Sources */,
				78D8816029474EA70046C8E1 /* MenuBar.swift in Sources */,
				78D88152293F80ED0046C8E1 /* CodeWindowLogic.swift in Sources */,
			);
			runOnlyForDeploymentPostprocessing = 0;
		};
		78D88121293CC2880046C8E1 /* Sources */ = {
			isa = PBXSourcesBuildPhase;
			buildActionMask = 2147483647;
			files = (
				78D8815D293F82370046C8E1 /* TimelineData.swift in Sources */,
				78D8812A293CC2880046C8E1 /* Rugby_Coder_SwiftTests.swift in Sources */,
				78D88153293F80ED0046C8E1 /* CodeWindowLogic.swift in Sources */,
				78D8814E293F7D930046C8E1 /* CodeWindowView.swift in Sources */,
				78D8814A293F77060046C8E1 /* Rugby_Coder_SwiftApp.swift in Sources */,
			);
			runOnlyForDeploymentPostprocessing = 0;
		};
		78D8812B293CC2880046C8E1 /* Sources */ = {
			isa = PBXSourcesBuildPhase;
			buildActionMask = 2147483647;
			files = (
				78D8815E293F82370046C8E1 /* TimelineData.swift in Sources */,
				78D8814B293F77060046C8E1 /* Rugby_Coder_SwiftApp.swift in Sources */,
				78D8814F293F7D930046C8E1 /* CodeWindowView.swift in Sources */,
				78D88136293CC2880046C8E1 /* Rugby_Coder_SwiftUITestsLaunchTests.swift in Sources */,
				78D88134293CC2880046C8E1 /* Rugby_Coder_SwiftUITests.swift in Sources */,
				78D88154293F80ED0046C8E1 /* CodeWindowLogic.swift in Sources */,
			);
			runOnlyForDeploymentPostprocessing = 0;
		};
/* End PBXSourcesBuildPhase section */

/* Begin PBXTargetDependency section */
		78D88127293CC2880046C8E1 /* PBXTargetDependency */ = {
			isa = PBXTargetDependency;
			target = 78D88113293CC2870046C8E1 /* Rugby_Coder_Swift */;
			targetProxy = 78D88126293CC2880046C8E1 /* PBXContainerItemProxy */;
		};
		78D88131293CC2880046C8E1 /* PBXTargetDependency */ = {
			isa = PBXTargetDependency;
			target = 78D88113293CC2870046C8E1 /* Rugby_Coder_Swift */;
			targetProxy = 78D88130293CC2880046C8E1 /* PBXContainerItemProxy */;
		};
/* End PBXTargetDependency section */

/* Begin XCBuildConfiguration section */
		78D88137293CC2880046C8E1 /* Debug */ = {
			isa = XCBuildConfiguration;
			buildSettings = {
				ALWAYS_SEARCH_USER_PATHS = NO;
				CLANG_ANALYZER_NONNULL = YES;
				CLANG_ANALYZER_NUMBER_OBJECT_CONVERSION = YES_AGGRESSIVE;
				CLANG_CXX_LANGUAGE_STANDARD = "gnu++20";
				CLANG_ENABLE_MODULES = YES;
				CLANG_ENABLE_OBJC_ARC = YES;
				CLANG_ENABLE_OBJC_WEAK = YES;
				CLANG_WARN_BLOCK_CAPTURE_AUTORELEASING = YES;
				CLANG_WARN_BOOL_CONVERSION = YES;
				CLANG_WARN_COMMA = YES;
				CLANG_WARN_CONSTANT_CONVERSION = YES;
				CLANG_WARN_DEPRECATED_OBJC_IMPLEMENTATIONS = YES;
				CLANG_WARN_DIRECT_OBJC_ISA_USAGE = YES_ERROR;
				CLANG_WARN_DOCUMENTATION_COMMENTS = YES;
				CLANG_WARN_EMPTY_BODY = YES;
				CLANG_WARN_ENUM_CONVERSION = YES;
				CLANG_WARN_INFINITE_RECURSION = YES;
				CLANG_WARN_INT_CONVERSION = YES;
				CLANG_WARN_NON_LITERAL_NULL_CONVERSION = YES;
				CLANG_WARN_OBJC_IMPLICIT_RETAIN_SELF = YES;
				CLANG_WARN_OBJC_LITERAL_CONVERSION = YES;
				CLANG_WARN_OBJC_ROOT_CLASS = YES_ERROR;
				CLANG_WARN_QUOTED_INCLUDE_IN_FRAMEWORK_HEADER = YES;
				CLANG_WARN_RANGE_LOOP_ANALYSIS = YES;
				CLANG_WARN_STRICT_PROTOTYPES = YES;
				CLANG_WARN_SUSPICIOUS_MOVE = YES;
				CLANG_WARN_UNGUARDED_AVAILABILITY = YES_AGGRESSIVE;
				CLANG_WARN_UNREACHABLE_CODE = YES;
				CLANG_WARN__DUPLICATE_METHOD_MATCH = YES;
				COPY_PHASE_STRIP = NO;
				DEBUG_INFORMATION_FORMAT = dwarf;
				ENABLE_STRICT_OBJC_MSGSEND = YES;
				ENABLE_TESTABILITY = YES;
				GCC_C_LANGUAGE_STANDARD = gnu11;
				GCC_DYNAMIC_NO_PIC = NO;
				GCC_NO_COMMON_BLOCKS = YES;
				GCC_OPTIMIZATION_LEVEL = 0;
				GCC_PREPROCESSOR_DEFINITIONS = (
					"DEBUG=1",
					"$(inherited)",
				);
				GCC_WARN_64_TO_32_BIT_CONVERSION = YES;
				GCC_WARN_ABOUT_RETURN_TYPE = YES_ERROR;
				GCC_WARN_UNDECLARED_SELECTOR = YES;
				GCC_WARN_UNINITIALIZED_AUTOS = YES_AGGRESSIVE;
				GCC_WARN_UNUSED_FUNCTION = YES;
				GCC_WARN_UNUSED_VARIABLE = YES;
				MACOSX_DEPLOYMENT_TARGET = 13.0;
				MTL_ENABLE_DEBUG_INFO = INCLUDE_SOURCE;
				MTL_FAST_MATH = YES;
				ONLY_ACTIVE_ARCH = YES;
				SDKROOT = macosx;
				SWIFT_ACTIVE_COMPILATION_CONDITIONS = DEBUG;
				SWIFT_OPTIMIZATION_LEVEL = "-Onone";
			};
			name = Debug;
		};
		78D88138293CC2880046C8E1 /* Release */ = {
			isa = XCBuildConfiguration;
			buildSettings = {
				ALWAYS_SEARCH_USER_PATHS = NO;
				CLANG_ANALYZER_NONNULL = YES;
				CLANG_ANALYZER_NUMBER_OBJECT_CONVERSION = YES_AGGRESSIVE;
				CLANG_CXX_LANGUAGE_STANDARD = "gnu++20";
				CLANG_ENABLE_MODULES = YES;
				CLANG_ENABLE_OBJC_ARC = YES;
				CLANG_ENABLE_OBJC_WEAK = YES;
				CLANG_WARN_BLOCK_CAPTURE_AUTORELEASING = YES;
				CLANG_WARN_BOOL_CONVERSION = YES;
				CLANG_WARN_COMMA = YES;
				CLANG_WARN_CONSTANT_CONVERSION = YES;
				CLANG_WARN_DEPRECATED_OBJC_IMPLEMENTATIONS = YES;
				CLANG_WARN_DIRECT_OBJC_ISA_USAGE = YES_ERROR;
				CLANG_WARN_DOCUMENTATION_COMMENTS = YES;
				CLANG_WARN_EMPTY_BODY = YES;
				CLANG_WARN_ENUM_CONVERSION = YES;
				CLANG_WARN_INFINITE_RECURSION = YES;
				CLANG_WARN_INT_CONVERSION = YES;
				CLANG_WARN_NON_LITERAL_NULL_CONVERSION = YES;
				CLANG_WARN_OBJC_IMPLICIT_RETAIN_SELF = YES;
				CLANG_WARN_OBJC_LITERAL_CONVERSION = YES;
				CLANG_WARN_OBJC_ROOT_CLASS = YES_ERROR;
				CLANG_WARN_QUOTED_INCLUDE_IN_FRAMEWORK_HEADER = YES;
				CLANG_WARN_RANGE_LOOP_ANALYSIS = YES;
				CLANG_WARN_STRICT_PROTOTYPES = YES;
				CLANG_WARN_SUSPICIOUS_MOVE = YES;
				CLANG_WARN_UNGUARDED_AVAILABILITY = YES_AGGRESSIVE;
				CLANG_WARN_UNREACHABLE_CODE = YES;
				CLANG_WARN__DUPLICATE_METHOD_MATCH = YES;
				COPY_PHASE_STRIP = NO;
				DEBUG_INFORMATION_FORMAT = "dwarf-with-dsym";
				ENABLE_NS_ASSERTIONS = NO;
				ENABLE_STRICT_OBJC_MSGSEND = YES;
				GCC_C_LANGUAGE_STANDARD = gnu11;
				GCC_NO_COMMON_BLOCKS = YES;
				GCC_WARN_64_TO_32_BIT_CONVERSION = YES;
				GCC_WARN_ABOUT_RETURN_TYPE = YES_ERROR;
				GCC_WARN_UNDECLARED_SELECTOR = YES;
				GCC_WARN_UNINITIALIZED_AUTOS = YES_AGGRESSIVE;
				GCC_WARN_UNUSED_FUNCTION = YES;
				GCC_WARN_UNUSED_VARIABLE = YES;
				MACOSX_DEPLOYMENT_TARGET = 13.0;
				MTL_ENABLE_DEBUG_INFO = NO;
				MTL_FAST_MATH = YES;
				SDKROOT = macosx;
				SWIFT_COMPILATION_MODE = wholemodule;
				SWIFT_OPTIMIZATION_LEVEL = "-O";
			};
			name = Release;
		};
		78D8813A293CC2880046C8E1 /* Debug */ = {
			isa = XCBuildConfiguration;
			buildSettings = {
				ASSETCATALOG_COMPILER_APPICON_NAME = AppIcon;
				ASSETCATALOG_COMPILER_GLOBAL_ACCENT_COLOR_NAME = AccentColor;
				CODE_SIGN_ENTITLEMENTS = Rugby_Coder_Swift/Rugby_Coder_Swift.entitlements;
				CODE_SIGN_STYLE = Automatic;
				COMBINE_HIDPI_IMAGES = YES;
				CURRENT_PROJECT_VERSION = 1;
				DEVELOPMENT_ASSET_PATHS = "\"Rugby_Coder_Swift/Preview Content\"";
				ENABLE_PREVIEWS = YES;
				GENERATE_INFOPLIST_FILE = YES;
				INFOPLIST_KEY_NSHumanReadableCopyright = "";
				LD_RUNPATH_SEARCH_PATHS = (
					"$(inherited)",
					"@executable_path/../Frameworks",
				);
				MARKETING_VERSION = 1.0;
				PRODUCT_BUNDLE_IDENTIFIER = "Kou-Isaka.Rugby-Coder-Swift";
				PRODUCT_NAME = "$(TARGET_NAME)";
				SWIFT_EMIT_LOC_STRINGS = YES;
				SWIFT_VERSION = 5.0;
			};
			name = Debug;
		};
		78D8813B293CC2880046C8E1 /* Release */ = {
			isa = XCBuildConfiguration;
			buildSettings = {
				ASSETCATALOG_COMPILER_APPICON_NAME = AppIcon;
				ASSETCATALOG_COMPILER_GLOBAL_ACCENT_COLOR_NAME = AccentColor;
				CODE_SIGN_ENTITLEMENTS = Rugby_Coder_Swift/Rugby_Coder_Swift.entitlements;
				CODE_SIGN_STYLE = Automatic;
				COMBINE_HIDPI_IMAGES = YES;
				CURRENT_PROJECT_VERSION = 1;
				DEVELOPMENT_ASSET_PATHS = "\"Rugby_Coder_Swift/Preview Content\"";
				ENABLE_PREVIEWS = YES;
				GENERATE_INFOPLIST_FILE = YES;
				INFOPLIST_KEY_NSHumanReadableCopyright = "";
				LD_RUNPATH_SEARCH_PATHS = (
					"$(inherited)",
					"@executable_path/../Frameworks",
				);
				MARKETING_VERSION = 1.0;
				PRODUCT_BUNDLE_IDENTIFIER = "Kou-Isaka.Rugby-Coder-Swift";
				PRODUCT_NAME = "$(TARGET_NAME)";
				SWIFT_EMIT_LOC_STRINGS = YES;
				SWIFT_VERSION = 5.0;
			};
			name = Release;
		};
		78D8813D293CC2880046C8E1 /* Debug */ = {
			isa = XCBuildConfiguration;
			buildSettings = {
				ALWAYS_EMBED_SWIFT_STANDARD_LIBRARIES = YES;
				BUNDLE_LOADER = "$(TEST_HOST)";
				CODE_SIGN_STYLE = Automatic;
				CURRENT_PROJECT_VERSION = 1;
				GENERATE_INFOPLIST_FILE = YES;
				MACOSX_DEPLOYMENT_TARGET = 13.0;
				MARKETING_VERSION = 1.0;
				PRODUCT_BUNDLE_IDENTIFIER = "Kou-Isaka.Rugby-Coder-SwiftTests";
				PRODUCT_NAME = "$(TARGET_NAME)";
				SWIFT_EMIT_LOC_STRINGS = NO;
				SWIFT_VERSION = 5.0;
				TEST_HOST = "$(BUILT_PRODUCTS_DIR)/Rugby_Coder_Swift.app/$(BUNDLE_EXECUTABLE_FOLDER_PATH)/Rugby_Coder_Swift";
			};
			name = Debug;
		};
		78D8813E293CC2880046C8E1 /* Release */ = {
			isa = XCBuildConfiguration;
			buildSettings = {
				ALWAYS_EMBED_SWIFT_STANDARD_LIBRARIES = YES;
				BUNDLE_LOADER = "$(TEST_HOST)";
				CODE_SIGN_STYLE = Automatic;
				CURRENT_PROJECT_VERSION = 1;
				GENERATE_INFOPLIST_FILE = YES;
				MACOSX_DEPLOYMENT_TARGET = 13.0;
				MARKETING_VERSION = 1.0;
				PRODUCT_BUNDLE_IDENTIFIER = "Kou-Isaka.Rugby-Coder-SwiftTests";
				PRODUCT_NAME = "$(TARGET_NAME)";
				SWIFT_EMIT_LOC_STRINGS = NO;
				SWIFT_VERSION = 5.0;
				TEST_HOST = "$(BUILT_PRODUCTS_DIR)/Rugby_Coder_Swift.app/$(BUNDLE_EXECUTABLE_FOLDER_PATH)/Rugby_Coder_Swift";
			};
			name = Release;
		};
		78D88140293CC2880046C8E1 /* Debug */ = {
			isa = XCBuildConfiguration;
			buildSettings = {
				ALWAYS_EMBED_SWIFT_STANDARD_LIBRARIES = YES;
				CODE_SIGN_STYLE = Automatic;
				CURRENT_PROJECT_VERSION = 1;
				GENERATE_INFOPLIST_FILE = YES;
				MARKETING_VERSION = 1.0;
				PRODUCT_BUNDLE_IDENTIFIER = "Kou-Isaka.Rugby-Coder-SwiftUITests";
				PRODUCT_NAME = "$(TARGET_NAME)";
				SWIFT_EMIT_LOC_STRINGS = NO;
				SWIFT_VERSION = 5.0;
				TEST_TARGET_NAME = Rugby_Coder_Swift;
			};
			name = Debug;
		};
		78D88141293CC2880046C8E1 /* Release */ = {
			isa = XCBuildConfiguration;
			buildSettings = {
				ALWAYS_EMBED_SWIFT_STANDARD_LIBRARIES = YES;
				CODE_SIGN_STYLE = Automatic;
				CURRENT_PROJECT_VERSION = 1;
				GENERATE_INFOPLIST_FILE = YES;
				MARKETING_VERSION = 1.0;
				PRODUCT_BUNDLE_IDENTIFIER = "Kou-Isaka.Rugby-Coder-SwiftUITests";
				PRODUCT_NAME = "$(TARGET_NAME)";
				SWIFT_EMIT_LOC_STRINGS = NO;
				SWIFT_VERSION = 5.0;
				TEST_TARGET_NAME = Rugby_Coder_Swift;
			};
			name = Release;
		};
/* End XCBuildConfiguration section */

/* Begin XCConfigurationList section */
		78D8810F293CC2870046C8E1 /* Build configuration list for PBXProject "Rugby_Coder_Swift" */ = {
			isa = XCConfigurationList;
			buildConfigurations = (
				78D88137293CC2880046C8E1 /* Debug */,
				78D88138293CC2880046C8E1 /* Release */,
			);
			defaultConfigurationIsVisible = 0;
			defaultConfigurationName = Release;
		};
		78D88139293CC2880046C8E1 /* Build configuration list for PBXNativeTarget "Rugby_Coder_Swift" */ = {
			isa = XCConfigurationList;
			buildConfigurations = (
				78D8813A293CC2880046C8E1 /* Debug */,
				78D8813B293CC2880046C8E1 /* Release */,
			);
			defaultConfigurationIsVisible = 0;
			defaultConfigurationName = Release;
		};
		78D8813C293CC2880046C8E1 /* Build configuration list for PBXNativeTarget "Rugby_Coder_SwiftTests" */ = {
			isa = XCConfigurationList;
			buildConfigurations = (
				78D8813D293CC2880046C8E1 /* Debug */,
				78D8813E293CC2880046C8E1 /* Release */,
			);
			defaultConfigurationIsVisible = 0;
			defaultConfigurationName = Release;
		};
		78D8813F293CC2880046C8E1 /* Build configuration list for PBXNativeTarget "Rugby_Coder_SwiftUITests" */ = {
			isa = XCConfigurationList;
			buildConfigurations = (
				78D88140293CC2880046C8E1 /* Debug */,
				78D88141293CC2880046C8E1 /* Release */,
			);
			defaultConfigurationIsVisible = 0;
			defaultConfigurationName = Release;
		};
/* End XCConfigurationList section */
	};
	rootObject = 78D8810C293CC2870046C8E1 /* Project object */;
}
